github.com/Jeffail/gabs v1.4.0 h1://5fYRRTq1edjfIrQGvdkcd22pkYUrHZ5YC/H2GJVAo=
github.com/Jeffail/gabs v1.4.0/go.mod h1:6xMvQMK4k33lb7GUUpaAPh6nKMmemQeg5d4gn7/bOXc=
github.com/lib/pq v1.10.9 h1:YXG7RB+JIjhP29X+OtkiDnYaXQwpS4JEWq7dtCCRUEw=
github.com/lib/pq v1.10.9/go.mod h1:AlVN5x4E4T544tWzH6hKfbfQvm3HdbOxrmggDNAPY9o=
go.reizu.org/servemux v0.2.2 h1:gvtETBPJ1apDBie2sQbdnVeWWnXFTrsJPCtZYJmjAp8=
go.reizu.org/servemux v0.2.2/go.mod h1:WhHU1hAIu/KPU7bIr0y8JAZjj3V1bG1OkLsTp79ffrQ=
